
Microsoft Visual Studio Solution File, Format Version 12.00
# Visual Studio Version 16
VisualStudioVersion = 25.0.1700.0
MinimumVisualStudioVersion = 10.0.40219.1
Project("{FAE04EC0-301F-11D3-BF4B-00C04F79EFBC}") = "Toronna.Domain", "Toronna.Domain\Toronna.Domain.csproj", "{71E6A623-F6D2-41D9-8DB1-F9E19420BDB5}"
EndProject
Project("{FAE04EC0-301F-11D3-BF4B-00C04F79EFBC}") = "Toronna.Application", "Toronna.Application\Toronna.Application.csproj", "{E3EFA178-06CD-4795-BCF9-2B7FFA7B10D0}"
EndProject
Project("{FAE04EC0-301F-11D3-BF4B-00C04F79EFBC}") = "Toronna.Infrastructure", "Toronna.Infrastructure\Toronna.Infrastructure.csproj", "{D136FACB-2E19-4ECC-8FD0-3E5B2E058458}"
EndProject
Global
	GlobalSection(SolutionConfigurationPlatforms) = preSolution
		Debug|Any CPU = Debug|Any CPU
		Release|Any CPU = Release|Any CPU
	EndGlobalSection
	GlobalSection(ProjectConfigurationPlatforms) = postSolution
		{71E6A623-F6D2-41D9-8DB1-F9E19420BDB5}.Debug|Any CPU.ActiveCfg = Debug|Any CPU
		{71E6A623-F6D2-41D9-8DB1-F9E19420BDB5}.Debug|Any CPU.Build.0 = Debug|Any CPU
		{71E6A623-F6D2-41D9-8DB1-F9E19420BDB5}.Release|Any CPU.ActiveCfg = Release|Any CPU
		{71E6A623-F6D2-41D9-8DB1-F9E19420BDB5}.Release|Any CPU.Build.0 = Release|Any CPU
		{E3EFA178-06CD-4795-BCF9-2B7FFA7B10D0}.Debug|Any CPU.ActiveCfg = Debug|Any CPU
		{E3EFA178-06CD-4795-BCF9-2B7FFA7B10D0}.Debug|Any CPU.Build.0 = Debug|Any CPU
		{E3EFA178-06CD-4795-BCF9-2B7FFA7B10D0}.Release|Any CPU.ActiveCfg = Release|Any CPU
		{E3EFA178-06CD-4795-BCF9-2B7FFA7B10D0}.Release|Any CPU.Build.0 = Release|Any CPU
		{D136FACB-2E19-4ECC-8FD0-3E5B2E058458}.Debug|Any CPU.ActiveCfg = Debug|Any CPU
		{D136FACB-2E19-4ECC-8FD0-3E5B2E058458}.Debug|Any CPU.Build.0 = Debug|Any CPU
		{D136FACB-2E19-4ECC-8FD0-3E5B2E058458}.Release|Any CPU.ActiveCfg = Release|Any CPU
		{D136FACB-2E19-4ECC-8FD0-3E5B2E058458}.Release|Any CPU.Build.0 = Release|Any CPU
	EndGlobalSection
	GlobalSection(SolutionProperties) = preSolution
		HideSolutionNode = FALSE
	EndGlobalSection
	GlobalSection(ExtensibilityGlobals) = postSolution
		SolutionGuid = {AAC1E705-3712-4000-9A18-B12F9389BDD6}
	EndGlobalSection
EndGlobal
